// !$*UTF8*$!
{
	archiveVersion = 1;
	classes = {
	};
	objectVersion = 50;
	objects = {

/* Begin PBXBuildFile section */
		EED64E57248BD16600001E01 /* AppDelegate.swift in Sources */ = {isa = PBXBuildFile; fileRef = EED64E56248BD16600001E01 /* AppDelegate.swift */; };
		EED64E59248BD16600001E01 /* SceneDelegate.swift in Sources */ = {isa = PBXBuildFile; fileRef = EED64E58248BD16600001E01 /* SceneDelegate.swift */; };
		EED64E5B248BD16600001E01 /* TravelLocationsMapViewController.swift in Sources */ = {isa = PBXBuildFile; fileRef = EED64E5A248BD16600001E01 /* TravelLocationsMapViewController.swift */; };
		EED64E5E248BD16600001E01 /* Main.storyboard in Resources */ = {isa = PBXBuildFile; fileRef = EED64E5C248BD16600001E01 /* Main.storyboard */; };
		EED64E61248BD16600001E01 /* VirtualTourist.xcdatamodeld in Sources */ = {isa = PBXBuildFile; fileRef = EED64E5F248BD16600001E01 /* VirtualTourist.xcdatamodeld */; };
		EED64E63248BD16700001E01 /* Assets.xcassets in Resources */ = {isa = PBXBuildFile; fileRef = EED64E62248BD16700001E01 /* Assets.xcassets */; };
		EED64E66248BD16700001E01 /* LaunchScreen.storyboard in Resources */ = {isa = PBXBuildFile; fileRef = EED64E64248BD16700001E01 /* LaunchScreen.storyboard */; };
		EED64E6E248BDAAA00001E01 /* PhotoAlbumViewController.swift in Sources */ = {isa = PBXBuildFile; fileRef = EED64E6D248BDAAA00001E01 /* PhotoAlbumViewController.swift */; };
/* End PBXBuildFile section */

/* Begin PBXFileReference section */
		EED64E53248BD16600001E01 /* VirtualTourist.app */ = {isa = PBXFileReference; explicitFileType = wrapper.application; includeInIndex = 0; path = VirtualTourist.app; sourceTree = BUILT_PRODUCTS_DIR; };
		EED64E56248BD16600001E01 /* AppDelegate.swift */ = {isa = PBXFileReference; lastKnownFileType = sourcecode.swift; path = AppDelegate.swift; sourceTree = "<group>"; };
		EED64E58248BD16600001E01 /* SceneDelegate.swift */ = {isa = PBXFileReference; lastKnownFileType = sourcecode.swift; path = SceneDelegate.swift; sourceTree = "<group>"; };
		EED64E5A248BD16600001E01 /* TravelLocationsMapViewController.swift */ = {isa = PBXFileReference; lastKnownFileType = sourcecode.swift; path = TravelLocationsMapViewController.swift; sourceTree = "<group>"; };
		EED64E5D248BD16600001E01 /* Base */ = {isa = PBXFileReference; lastKnownFileType = file.storyboard; name = Base; path = Base.lproj/Main.storyboard; sourceTree = "<group>"; };
		EED64E60248BD16600001E01 /* VirtualTourist.xcdatamodel */ = {isa = PBXFileReference; lastKnownFileType = wrapper.xcdatamodel; path = VirtualTourist.xcdatamodel; sourceTree = "<group>"; };
		EED64E62248BD16700001E01 /* Assets.xcassets */ = {isa = PBXFileReference; lastKnownFileType = folder.assetcatalog; path = Assets.xcassets; sourceTree = "<group>"; };
		EED64E65248BD16700001E01 /* Base */ = {isa = PBXFileReference; lastKnownFileType = file.storyboard; name = Base; path = Base.lproj/LaunchScreen.storyboard; sourceTree = "<group>"; };
		EED64E67248BD16700001E01 /* Info.plist */ = {isa = PBXFileReference; lastKnownFileType = text.plist.xml; path = Info.plist; sourceTree = "<group>"; };
		EED64E6D248BDAAA00001E01 /* PhotoAlbumViewController.swift */ = {isa = PBXFileReference; lastKnownFileType = sourcecode.swift; path = PhotoAlbumViewController.swift; sourceTree = "<group>"; };
/* End PBXFileReference section */

/* Begin PBXFrameworksBuildPhase section */
		EED64E50248BD16600001E01 /* Frameworks */ = {
			isa = PBXFrameworksBuildPhase;
			buildActionMask = 2147483647;
			files = (
			);
			runOnlyForDeploymentPostprocessing = 0;
		};
/* End PBXFrameworksBuildPhase section */

/* Begin PBXGroup section */
		EED64E4A248BD16600001E01 = {
			isa = PBXGroup;
			children = (
				EED64E55248BD16600001E01 /* VirtualTourist */,
				EED64E54248BD16600001E01 /* Products */,
			);
			sourceTree = "<group>";
		};
		EED64E54248BD16600001E01 /* Products */ = {
			isa = PBXGroup;
			children = (
				EED64E53248BD16600001E01 /* VirtualTourist.app */,
			);
			name = Products;
			sourceTree = "<group>";
		};
		EED64E55248BD16600001E01 /* VirtualTourist */ = {
			isa = PBXGroup;
			children = (
				EED64E77248BDF6400001E01 /* Model */,
				EED64E79248BDF8A00001E01 /* Controller */,
				EED64E7B248BDFBD00001E01 /* View */,
				EED64E62248BD16700001E01 /* Assets.xcassets */,
				EED64E67248BD16700001E01 /* Info.plist */,
			);
			path = VirtualTourist;
			sourceTree = "<group>";
		};
		EED64E77248BDF6400001E01 /* Model */ = {
			isa = PBXGroup;
			children = (
				EED64E78248BDF6D00001E01 /* Data */,
			);
			name = Model;
			sourceTree = "<group>";
		};
		EED64E78248BDF6D00001E01 /* Data */ = {
			isa = PBXGroup;
			children = (
				EED64E5F248BD16600001E01 /* VirtualTourist.xcdatamodeld */,
			);
			name = Data;
			sourceTree = "<group>";
		};
		EED64E79248BDF8A00001E01 /* Controller */ = {
			isa = PBXGroup;
			children = (
				EED64E56248BD16600001E01 /* AppDelegate.swift */,
				EED64E58248BD16600001E01 /* SceneDelegate.swift */,
				EED64E5A248BD16600001E01 /* TravelLocationsMapViewController.swift */,
				EED64E6D248BDAAA00001E01 /* PhotoAlbumViewController.swift */,
			);
			name = Controller;
			sourceTree = "<group>";
		};
		EED64E7B248BDFBD00001E01 /* View */ = {
			isa = PBXGroup;
			children = (
				EED64E5C248BD16600001E01 /* Main.storyboard */,
				EED64E64248BD16700001E01 /* LaunchScreen.storyboard */,
			);
			name = View;
			sourceTree = "<group>";
		};
/* End PBXGroup section */

/* Begin PBXNativeTarget section */
		EED64E52248BD16600001E01 /* VirtualTourist */ = {
			isa = PBXNativeTarget;
			buildConfigurationList = EED64E6A248BD16700001E01 /* Build configuration list for PBXNativeTarget "VirtualTourist" */;
			buildPhases = (
				EED64E4F248BD16600001E01 /* Sources */,
				EED64E50248BD16600001E01 /* Frameworks */,
				EED64E51248BD16600001E01 /* Resources */,
			);
			buildRules = (
			);
			dependencies = (
			);
			name = VirtualTourist;
			productName = VirtualTourist;
			productReference = EED64E53248BD16600001E01 /* VirtualTourist.app */;
			productType = "com.apple.product-type.application";
		};
/* End PBXNativeTarget section */

/* Begin PBXProject section */
		EED64E4B248BD16600001E01 /* Project object */ = {
			isa = PBXProject;
			attributes = {
				LastSwiftUpdateCheck = 1150;
				LastUpgradeCheck = 1150;
				ORGANIZATIONNAME = "Gerry Low";
				TargetAttributes = {
					EED64E52248BD16600001E01 = {
						CreatedOnToolsVersion = 11.5;
					};
				};
			};
			buildConfigurationList = EED64E4E248BD16600001E01 /* Build configuration list for PBXProject "VirtualTourist" */;
			compatibilityVersion = "Xcode 9.3";
			developmentRegion = en;
			hasScannedForEncodings = 0;
			knownRegions = (
				en,
				Base,
			);
			mainGroup = EED64E4A248BD16600001E01;
			productRefGroup = EED64E54248BD16600001E01 /* Products */;
			projectDirPath = "";
			projectRoot = "";
			targets = (
				EED64E52248BD16600001E01 /* VirtualTourist */,
			);
		};
/* End PBXProject section */

/* Begin PBXResourcesBuildPhase section */
		EED64E51248BD16600001E01 /* Resources */ = {
			isa = PBXResourcesBuildPhase;
			buildActionMask = 2147483647;
			files = (
				EED64E66248BD16700001E01 /* LaunchScreen.storyboard in Resources */,
				EED64E63248BD16700001E01 /* Assets.xcassets in Resources */,
				EED64E5E248BD16600001E01 /* Main.storyboard in Resources */,
			);
			runOnlyForDeploymentPostprocessing = 0;
		};
/* End PBXResourcesBuildPhase section */

/* Begin PBXSourcesBuildPhase section */
		EED64E4F248BD16600001E01 /* Sources */ = {
			isa = PBXSourcesBuildPhase;
			buildActionMask = 2147483647;
			files = (
				EED64E61248BD16600001E01 /* VirtualTourist.xcdatamodeld in Sources */,
				EED64E5B248BD16600001E01 /* TravelLocationsMapViewController.swift in Sources */,
				EED64E57248BD16600001E01 /* AppDelegate.swift in Sources */,
				EED64E6E248BDAAA00001E01 /* PhotoAlbumViewController.swift in Sources */,
				EED64E59248BD16600001E01 /* SceneDelegate.swift in Sources */,
			);
			runOnlyForDeploymentPostprocessing = 0;
		};
/* End PBXSourcesBuildPhase section */

/* Begin PBXVariantGroup section */
		EED64E5C248BD16600001E01 /* Main.storyboard */ = {
			isa = PBXVariantGroup;
			children = (
				EED64E5D248BD16600001E01 /* Base */,
			);
			name = Main.storyboard;
			sourceTree = "<group>";
		};
		EED64E64248BD16700001E01 /* LaunchScreen.storyboard */ = {
			isa = PBXVariantGroup;
			children = (
				EED64E65248BD16700001E01 /* Base */,
			);
			name = LaunchScreen.storyboard;
			sourceTree = "<group>";
		};
/* End PBXVariantGroup section */

/* Begin XCBuildConfiguration section */
		EED64E68248BD16700001E01 /* Debug */ = {
			isa = XCBuildConfiguration;
			buildSettings = {
				ALWAYS_SEARCH_USER_PATHS = NO;
				CLANG_ANALYZER_NONNULL = YES;
				CLANG_ANALYZER_NUMBER_OBJECT_CONVERSION = YES_AGGRESSIVE;
				CLANG_CXX_LANGUAGE_STANDARD = "gnu++14";
				CLANG_CXX_LIBRARY = "libc++";
				CLANG_ENABLE_MODULES = YES;
				CLANG_ENABLE_OBJC_ARC = YES;
				CLANG_ENABLE_OBJC_WEAK = YES;
				CLANG_WARN_BLOCK_CAPTURE_AUTORELEASING = YES;
				CLANG_WARN_BOOL_CONVERSION = YES;
				CLANG_WARN_COMMA = YES;
				CLANG_WARN_CONSTANT_CONVERSION = YES;
				CLANG_WARN_DEPRECATED_OBJC_IMPLEMENTATIONS = YES;
				CLANG_WARN_DIRECT_OBJC_ISA_USAGE = YES_ERROR;
				CLANG_WARN_DOCUMENTATION_COMMENTS = YES;
				CLANG_WARN_EMPTY_BODY = YES;
				CLANG_WARN_ENUM_CONVERSION = YES;
				CLANG_WARN_INFINITE_RECURSION = YES;
				CLANG_WARN_INT_CONVERSION = YES;
				CLANG_WARN_NON_LITERAL_NULL_CONVERSION = YES;
				CLANG_WARN_OBJC_IMPLICIT_RETAIN_SELF = YES;
				CLANG_WARN_OBJC_LITERAL_CONVERSION = YES;
				CLANG_WARN_OBJC_ROOT_CLASS = YES_ERROR;
				CLANG_WARN_RANGE_LOOP_ANALYSIS = YES;
				CLANG_WARN_STRICT_PROTOTYPES = YES;
				CLANG_WARN_SUSPICIOUS_MOVE = YES;
				CLANG_WARN_UNGUARDED_AVAILABILITY = YES_AGGRESSIVE;
				CLANG_WARN_UNREACHABLE_CODE = YES;
				CLANG_WARN__DUPLICATE_METHOD_MATCH = YES;
				COPY_PHASE_STRIP = NO;
				DEBUG_INFORMATION_FORMAT = dwarf;
				ENABLE_STRICT_OBJC_MSGSEND = YES;
				ENABLE_TESTABILITY = YES;
				GCC_C_LANGUAGE_STANDARD = gnu11;
				GCC_DYNAMIC_NO_PIC = NO;
				GCC_NO_COMMON_BLOCKS = YES;
				GCC_OPTIMIZATION_LEVEL = 0;
				GCC_PREPROCESSOR_DEFINITIONS = (
					"DEBUG=1",
					"$(inherited)",
				);
				GCC_WARN_64_TO_32_BIT_CONVERSION = YES;
				GCC_WARN_ABOUT_RETURN_TYPE = YES_ERROR;
				GCC_WARN_UNDECLARED_SELECTOR = YES;
				GCC_WARN_UNINITIALIZED_AUTOS = YES_AGGRESSIVE;
				GCC_WARN_UNUSED_FUNCTION = YES;
				GCC_WARN_UNUSED_VARIABLE = YES;
				IPHONEOS_DEPLOYMENT_TARGET = 13.5;
				MTL_ENABLE_DEBUG_INFO = INCLUDE_SOURCE;
				MTL_FAST_MATH = YES;
				ONLY_ACTIVE_ARCH = YES;
				SDKROOT = iphoneos;
				SWIFT_ACTIVE_COMPILATION_CONDITIONS = DEBUG;
				SWIFT_OPTIMIZATION_LEVEL = "-Onone";
			};
			name = Debug;
		};
		EED64E69248BD16700001E01 /* Release */ = {
			isa = XCBuildConfiguration;
			buildSettings = {
				ALWAYS_SEARCH_USER_PATHS = NO;
				CLANG_ANALYZER_NONNULL = YES;
				CLANG_ANALYZER_NUMBER_OBJECT_CONVERSION = YES_AGGRESSIVE;
				CLANG_CXX_LANGUAGE_STANDARD = "gnu++14";
				CLANG_CXX_LIBRARY = "libc++";
				CLANG_ENABLE_MODULES = YES;
				CLANG_ENABLE_OBJC_ARC = YES;
				CLANG_ENABLE_OBJC_WEAK = YES;
				CLANG_WARN_BLOCK_CAPTURE_AUTORELEASING = YES;
				CLANG_WARN_BOOL_CONVERSION = YES;
				CLANG_WARN_COMMA = YES;
				CLANG_WARN_CONSTANT_CONVERSION = YES;
				CLANG_WARN_DEPRECATED_OBJC_IMPLEMENTATIONS = YES;
				CLANG_WARN_DIRECT_OBJC_ISA_USAGE = YES_ERROR;
				CLANG_WARN_DOCUMENTATION_COMMENTS = YES;
				CLANG_WARN_EMPTY_BODY = YES;
				CLANG_WARN_ENUM_CONVERSION = YES;
				CLANG_WARN_INFINITE_RECURSION = YES;
				CLANG_WARN_INT_CONVERSION = YES;
				CLANG_WARN_NON_LITERAL_NULL_CONVERSION = YES;
				CLANG_WARN_OBJC_IMPLICIT_RETAIN_SELF = YES;
				CLANG_WARN_OBJC_LITERAL_CONVERSION = YES;
				CLANG_WARN_OBJC_ROOT_CLASS = YES_ERROR;
				CLANG_WARN_RANGE_LOOP_ANALYSIS = YES;
				CLANG_WARN_STRICT_PROTOTYPES = YES;
				CLANG_WARN_SUSPICIOUS_MOVE = YES;
				CLANG_WARN_UNGUARDED_AVAILABILITY = YES_AGGRESSIVE;
				CLANG_WARN_UNREACHABLE_CODE = YES;
				CLANG_WARN__DUPLICATE_METHOD_MATCH = YES;
				COPY_PHASE_STRIP = NO;
				DEBUG_INFORMATION_FORMAT = "dwarf-with-dsym";
				ENABLE_NS_ASSERTIONS = NO;
				ENABLE_STRICT_OBJC_MSGSEND = YES;
				GCC_C_LANGUAGE_STANDARD = gnu11;
				GCC_NO_COMMON_BLOCKS = YES;
				GCC_WARN_64_TO_32_BIT_CONVERSION = YES;
				GCC_WARN_ABOUT_RETURN_TYPE = YES_ERROR;
				GCC_WARN_UNDECLARED_SELECTOR = YES;
				GCC_WARN_UNINITIALIZED_AUTOS = YES_AGGRESSIVE;
				GCC_WARN_UNUSED_FUNCTION = YES;
				GCC_WARN_UNUSED_VARIABLE = YES;
				IPHONEOS_DEPLOYMENT_TARGET = 13.5;
				MTL_ENABLE_DEBUG_INFO = NO;
				MTL_FAST_MATH = YES;
				SDKROOT = iphoneos;
				SWIFT_COMPILATION_MODE = wholemodule;
				SWIFT_OPTIMIZATION_LEVEL = "-O";
				VALIDATE_PRODUCT = YES;
			};
			name = Release;
		};
		EED64E6B248BD16700001E01 /* Debug */ = {
			isa = XCBuildConfiguration;
			buildSettings = {
				ASSETCATALOG_COMPILER_APPICON_NAME = AppIcon;
				CODE_SIGN_STYLE = Automatic;
				DEVELOPMENT_TEAM = TU6WP44FZA;
				INFOPLIST_FILE = VirtualTourist/Info.plist;
				LD_RUNPATH_SEARCH_PATHS = (
					"$(inherited)",
					"@executable_path/Frameworks",
				);
				PRODUCT_BUNDLE_IDENTIFIER = com.nanodegree.VirtualTourist;
				PRODUCT_NAME = "$(TARGET_NAME)";
				SWIFT_VERSION = 5.0;
				TARGETED_DEVICE_FAMILY = "1,2";
			};
			name = Debug;
		};
		EED64E6C248BD16700001E01 /* Release */ = {
			isa = XCBuildConfiguration;
			buildSettings = {
				ASSETCATALOG_COMPILER_APPICON_NAME = AppIcon;
				CODE_SIGN_STYLE = Automatic;
				DEVELOPMENT_TEAM = TU6WP44FZA;
				INFOPLIST_FILE = VirtualTourist/Info.plist;
				LD_RUNPATH_SEARCH_PATHS = (
					"$(inherited)",
					"@executable_path/Frameworks",
				);
				PRODUCT_BUNDLE_IDENTIFIER = com.nanodegree.VirtualTourist;
				PRODUCT_NAME = "$(TARGET_NAME)";
				SWIFT_VERSION = 5.0;
				TARGETED_DEVICE_FAMILY = "1,2";
			};
			name = Release;
		};
/* End XCBuildConfiguration section */

/* Begin XCConfigurationList section */
		EED64E4E248BD16600001E01 /* Build configuration list for PBXProject "VirtualTourist" */ = {
			isa = XCConfigurationList;
			buildConfigurations = (
				EED64E68248BD16700001E01 /* Debug */,
				EED64E69248BD16700001E01 /* Release */,
			);
			defaultConfigurationIsVisible = 0;
			defaultConfigurationName = Release;
		};
		EED64E6A248BD16700001E01 /* Build configuration list for PBXNativeTarget "VirtualTourist" */ = {
			isa = XCConfigurationList;
			buildConfigurations = (
				EED64E6B248BD16700001E01 /* Debug */,
				EED64E6C248BD16700001E01 /* Release */,
			);
			defaultConfigurationIsVisible = 0;
			defaultConfigurationName = Release;
		};
/* End XCConfigurationList section */

/* Begin XCVersionGroup section */
		EED64E5F248BD16600001E01 /* VirtualTourist.xcdatamodeld */ = {
			isa = XCVersionGroup;
			children = (
				EED64E60248BD16600001E01 /* VirtualTourist.xcdatamodel */,
			);
			currentVersion = EED64E60248BD16600001E01 /* VirtualTourist.xcdatamodel */;
			path = VirtualTourist.xcdatamodeld;
			sourceTree = "<group>";
			versionGroupType = wrapper.xcdatamodel;
		};
/* End XCVersionGroup section */
	};
	rootObject = EED64E4B248BD16600001E01 /* Project object */;
}
